{
  "name": "example-story",
  "version": "0.0.1",
  "lockfileVersion": 1,
  "requires": true,
  "dependencies": {
    "@types/mocha": {
      "version": "2.2.48",
      "resolved": "https://registry.npmjs.org/@types/mocha/-/mocha-2.2.48.tgz",
      "integrity": "sha512-nlK/iyETgafGli8Zh9zJVCTicvU3iajSkRwOh3Hhiva598CMqNJ4NcVCGMTGKpGpTYj/9R8RLzS9NAykSSCqGw==",
      "dev": true
    },
    "@types/node": {
      "version": "6.0.101",
      "resolved": "https://registry.npmjs.org/@types/node/-/node-6.0.101.tgz",
      "integrity": "sha512-IQ7V3D6+kK1DArTqTBrnl3M+YgJZLw8ta8w3Q9xjR79HaJzMAoTbZ8TNzUTztrkCKPTqIstE2exdbs1FzsYLUw==",
      "dev": true
    },
    "ast-types": {
      "version": "0.10.1",
      "resolved": "https://registry.npmjs.org/ast-types/-/ast-types-0.10.1.tgz",
      "integrity": "sha512-UY7+9DPzlJ9VM8eY0b2TUZcZvF+1pO0hzMtAyjBYKhOmnvRlqYNYnWdtsMj0V16CGaMlpL0G1jnLbLo4AyotuQ==",
      "dev": true
    },
    "core-js": {
      "version": "2.5.3",
      "resolved": "https://registry.npmjs.org/core-js/-/core-js-2.5.3.tgz",
      "integrity": "sha1-isw4NFgk8W2DZbfJtCWRaOjtYD4=",
      "dev": true
    },
    "esprima": {
      "version": "4.0.0",
      "resolved": "https://registry.npmjs.org/esprima/-/esprima-4.0.0.tgz",
      "integrity": "sha512-oftTcaMu/EGrEIu904mWteKIv8vMuOgGYo7EhVJJN00R/EED9DCua/xxHRdYnKtcECzVg7xOWhflvJMnqcFZjw==",
      "dev": true
    },
    "jsesc": {
      "version": "2.5.1",
      "resolved": "https://registry.npmjs.org/jsesc/-/jsesc-2.5.1.tgz",
      "integrity": "sha1-5CGiqOINawgZ3yiQj3glJrlt0f4=",
      "dev": true
    },
    "private": {
      "version": "0.1.8",
      "resolved": "https://registry.npmjs.org/private/-/private-0.1.8.tgz",
      "integrity": "sha512-VvivMrbvd2nKkiG38qjULzlc+4Vx4wm/whI9pQD35YrARNnhxeiRktSOhSukRLFNlzg6Br/cJPet5J/u19r/mg==",
      "dev": true
    },
    "recast": {
      "version": "0.12.9",
      "resolved": "https://registry.npmjs.org/recast/-/recast-0.12.9.tgz",
      "integrity": "sha512-y7ANxCWmMW8xLOaiopiRDlyjQ9ajKRENBH+2wjntIbk3A6ZR1+BLQttkmSHMY7Arl+AAZFwJ10grg2T6f1WI8A==",
      "dev": true,
      "requires": {
        "ast-types": "0.10.1",
        "core-js": "2.5.3",
        "esprima": "4.0.0",
        "private": "0.1.8",
        "source-map": "0.6.1"
      }
    },
    "regenerate": {
      "version": "1.3.3",
      "resolved": "https://registry.npmjs.org/regenerate/-/regenerate-1.3.3.tgz",
      "integrity": "sha512-jVpo1GadrDAK59t/0jRx5VxYWQEDkkEKi6+HjE3joFVLfDOh9Xrdh0dF1eSq+BI/SwvTQ44gSscJ8N5zYL61sg==",
      "dev": true
    },
    "regenerate-unicode-properties": {
      "version": "5.1.3",
      "resolved": "https://registry.npmjs.org/regenerate-unicode-properties/-/regenerate-unicode-properties-5.1.3.tgz",
      "integrity": "sha512-Yjy6t7jFQczDhYE+WVm7pg6gWYE258q4sUkk9qDErwXJIqx7jU9jGrMFHutJK/SRfcg7MEkXjGaYiVlOZyev/A==",
      "dev": true,
      "requires": {
        "regenerate": "1.3.3"
      }
    },
    "regexpu": {
      "version": "4.1.3",
      "resolved": "https://registry.npmjs.org/regexpu/-/regexpu-4.1.3.tgz",
      "integrity": "sha512-WnCrCG8B1rLfeh2EvdHRg2Ls8AO11KZ3Nhl1Jg0tQdTAUcBT64Em8Z8C55+MCvChnuCDqvu34PwELVC5q6zjcw==",
      "dev": true,
      "requires": {
        "jsesc": "2.5.1",
        "recast": "0.12.9",
        "regexpu-core": "4.1.3"
      }
    },
    "regexpu-core": {
      "version": "4.1.3",
      "resolved": "https://registry.npmjs.org/regexpu-core/-/regexpu-core-4.1.3.tgz",
      "integrity": "sha512-mB+njEzO7oezA57IbQxxd6fVPOeWKDmnGvJ485CwmfNchjHe5jWwqKepapmzUEj41yxIAqOg+C4LbXuJlkiO8A==",
      "dev": true,
      "requires": {
        "regenerate": "1.3.3",
        "regenerate-unicode-properties": "5.1.3",
        "regjsgen": "0.3.0",
        "regjsparser": "0.2.1",
        "unicode-match-property-ecmascript": "1.0.3",
        "unicode-match-property-value-ecmascript": "1.0.1"
      }
    },
    "regjsgen": {
      "version": "0.3.0",
      "resolved": "https://registry.npmjs.org/regjsgen/-/regjsgen-0.3.0.tgz",
      "integrity": "sha1-DuSj6SdkMM2iXx54nqbBW4ewy0M=",
      "dev": true
    },
    "regjsparser": {
      "version": "0.2.1",
      "resolved": "https://registry.npmjs.org/regjsparser/-/regjsparser-0.2.1.tgz",
      "integrity": "sha1-w3h1U/rwTndcMCEC7zRtmVAA7Bw=",
      "dev": true,
      "requires": {
        "jsesc": "0.5.0"
      },
      "dependencies": {
        "jsesc": {
          "version": "0.5.0",
          "resolved": "https://registry.npmjs.org/jsesc/-/jsesc-0.5.0.tgz",
          "integrity": "sha1-597mbjXW/Bb3EP6R1c9p9w8IkR0=",
          "dev": true
        }
      }
    },
    "source-map": {
      "version": "0.6.1",
      "resolved": "https://registry.npmjs.org/source-map/-/source-map-0.6.1.tgz",
      "integrity": "sha512-UjgapumWlbMhkBgzT7Ykc5YXUT46F0iKu8SGXq0bcwP5dz/h0Plj6enJqjz1Zbq2l5WaqYnrVbwWOWMyF3F47g==",
      "dev": true
    },
    "typescript": {
      "version": "2.7.2",
      "resolved": "https://registry.npmjs.org/typescript/-/typescript-2.7.2.tgz",
      "integrity": "sha512-p5TCYZDAO0m4G344hD+wx/LATebLWZNkkh2asWUFqSsD2OrDNhbAHuSjobrmsUmdzjJjEeZVU9g1h3O6vpstnw==",
      "dev": true
    },
    "unicode-canonical-property-names-ecmascript": {
      "version": "1.0.3",
      "resolved": "https://registry.npmjs.org/unicode-canonical-property-names-ecmascript/-/unicode-canonical-property-names-ecmascript-1.0.3.tgz",
      "integrity": "sha512-iG/2t0F2LAU8aZYPkX5gi7ebukHnr3sWFESpb+zPQeeaQwOkfoO6ZW17YX7MdRPNG9pCy+tjzGill+Ah0Em0HA==",
      "dev": true
    },
    "unicode-match-property-ecmascript": {
      "version": "1.0.3",
      "resolved": "https://registry.npmjs.org/unicode-match-property-ecmascript/-/unicode-match-property-ecmascript-1.0.3.tgz",
      "integrity": "sha512-nFcaBFcr08UQNF15ZgI5ISh3yUnQm7SJRRxwYrL5VYX46pS+6Q7TCTv4zbK+j6/l7rQt0mMiTL2zpmeygny6rA==",
      "dev": true,
      "requires": {
        "unicode-canonical-property-names-ecmascript": "1.0.3",
        "unicode-property-aliases-ecmascript": "1.0.3"
      }
    },
    "unicode-match-property-value-ecmascript": {
      "version": "1.0.1",
      "resolved": "https://registry.npmjs.org/unicode-match-property-value-ecmascript/-/unicode-match-property-value-ecmascript-1.0.1.tgz",
      "integrity": "sha512-lM8B0FDZQh9yYGgiabRQcyWicB27VLOolSBRIxsO7FeQPtg+79Oe7sC8Mzr8BObDs+G9CeYmC/shHo6OggNEog==",
      "dev": true
    },
    "unicode-property-aliases-ecmascript": {
      "version": "1.0.3",
      "resolved": "https://registry.npmjs.org/unicode-property-aliases-ecmascript/-/unicode-property-aliases-ecmascript-1.0.3.tgz",
      "integrity": "sha512-TdDmDOTxEf2ad1g3ZBpM6cqKIb2nJpVlz1Q++casDryKz18tpeMBhSng9hjC1CTQCkOV9Rw2knlSB6iRo7ad1w==",
      "dev": true
    }
  }
}
